{
  "object": {
    "pins": [
      {
        "package": "QiitaAPIClient",
        "repositoryURL": "https://github.com/hicka04/QiitaAPIClient.git",
        "state": {
          "branch": null,
          "revision": "a33969fbaf6f8df06ce73b3f1d09fb9ca2aee934",
          "version": "0.0.6"
        }
      }
    ]
  },
  "version": 1
}
