// !$*UTF8*$!
{
	archiveVersion = 1;
	classes = {
	};
	objectVersion = 52;
	objects = {

/* Begin PBXBuildFile section */
		B8149EC323A37FEA00EF5E58 /* AppDelegate.swift in Sources */ = {isa = PBXBuildFile; fileRef = B8149EC223A37FEA00EF5E58 /* AppDelegate.swift */; };
		B8149EC523A37FEA00EF5E58 /* SceneDelegate.swift in Sources */ = {isa = PBXBuildFile; fileRef = B8149EC423A37FEA00EF5E58 /* SceneDelegate.swift */; };
		B8149EC923A37FEC00EF5E58 /* Assets.xcassets in Resources */ = {isa = PBXBuildFile; fileRef = B8149EC823A37FEC00EF5E58 /* Assets.xcassets */; };
		B8149ECC23A37FEC00EF5E58 /* Preview Assets.xcassets in Resources */ = {isa = PBXBuildFile; fileRef = B8149ECB23A37FEC00EF5E58 /* Preview Assets.xcassets */; };
		B8149ECF23A37FEC00EF5E58 /* LaunchScreen.storyboard in Resources */ = {isa = PBXBuildFile; fileRef = B8149ECD23A37FEC00EF5E58 /* LaunchScreen.storyboard */; };
		B8149EDA23A37FEC00EF5E58 /* QiitaTests.swift in Sources */ = {isa = PBXBuildFile; fileRef = B8149ED923A37FEC00EF5E58 /* QiitaTests.swift */; };
		B827709E23EADDA700520C5B /* ScrollStackView in Frameworks */ = {isa = PBXBuildFile; productRef = B827709D23EADDA700520C5B /* ScrollStackView */; };
		B84A751323B6364D00C60127 /* ArticleSearchHistoryRepository.swift in Sources */ = {isa = PBXBuildFile; fileRef = B84A751223B6364D00C60127 /* ArticleSearchHistoryRepository.swift */; };
		B84A751523B8535700C60127 /* ArticleSearchHistory.swift in Sources */ = {isa = PBXBuildFile; fileRef = B84A751423B8535700C60127 /* ArticleSearchHistory.swift */; };
		B8766F8D23B1F8C5008BCAE3 /* QiitaAPIClient in Frameworks */ = {isa = PBXBuildFile; productRef = B8766F8C23B1F8C5008BCAE3 /* QiitaAPIClient */; };
		B8766F9323B1FDA7008BCAE3 /* ArticleSearchViewController.swift in Sources */ = {isa = PBXBuildFile; fileRef = B8766F9223B1FDA7008BCAE3 /* ArticleSearchViewController.swift */; };
		B8766F9523B1FEC9008BCAE3 /* ArticleSearchStore.swift in Sources */ = {isa = PBXBuildFile; fileRef = B8766F9423B1FEC9008BCAE3 /* ArticleSearchStore.swift */; };
		B8766F9C23B238B8008BCAE3 /* ArticleSearchDispatcher.swift in Sources */ = {isa = PBXBuildFile; fileRef = B8766F9B23B238B8008BCAE3 /* ArticleSearchDispatcher.swift */; };
		B8766F9E23B23916008BCAE3 /* ArticleSearchAction.swift in Sources */ = {isa = PBXBuildFile; fileRef = B8766F9D23B23916008BCAE3 /* ArticleSearchAction.swift */; };
		B8766FA023B23B71008BCAE3 /* ArticleSearchActionCreator.swift in Sources */ = {isa = PBXBuildFile; fileRef = B8766F9F23B23B71008BCAE3 /* ArticleSearchActionCreator.swift */; };
		B8997D5F23D1F3D000923015 /* ArticleSearchResultViewController.swift in Sources */ = {isa = PBXBuildFile; fileRef = B8997D5E23D1F3D000923015 /* ArticleSearchResultViewController.swift */; };
		B8997D6123D2787000923015 /* ArticleSearchResultActionCreator.swift in Sources */ = {isa = PBXBuildFile; fileRef = B8997D6023D2787000923015 /* ArticleSearchResultActionCreator.swift */; };
		B8997D6323D278E500923015 /* ArticleSearchResultAction.swift in Sources */ = {isa = PBXBuildFile; fileRef = B8997D6223D278E500923015 /* ArticleSearchResultAction.swift */; };
		B8997D6523D2798800923015 /* ArticleSearchResultDispatcher.swift in Sources */ = {isa = PBXBuildFile; fileRef = B8997D6423D2798800923015 /* ArticleSearchResultDispatcher.swift */; };
		B8997D6723D27A2000923015 /* ArticleSearchResultStore.swift in Sources */ = {isa = PBXBuildFile; fileRef = B8997D6623D27A2000923015 /* ArticleSearchResultStore.swift */; };
		B8FCF6B523D444E4005431E8 /* UserDefaults+extension.swift in Sources */ = {isa = PBXBuildFile; fileRef = B8FCF6B423D444E4005431E8 /* UserDefaults+extension.swift */; };
		B8FCF6B823D8337B005431E8 /* ArticleDetailViewController.swift in Sources */ = {isa = PBXBuildFile; fileRef = B8FCF6B723D8337B005431E8 /* ArticleDetailViewController.swift */; };
		B8FCF6BD23D8801F005431E8 /* TitleLabel.swift in Sources */ = {isa = PBXBuildFile; fileRef = B8FCF6BC23D8801F005431E8 /* TitleLabel.swift */; };
		B8FCF6C123D9276B005431E8 /* UserInfoView.swift in Sources */ = {isa = PBXBuildFile; fileRef = B8FCF6C023D9276B005431E8 /* UserInfoView.swift */; };
		B8FCF6C323D99371005431E8 /* UIImageView+extension.swift in Sources */ = {isa = PBXBuildFile; fileRef = B8FCF6C223D99371005431E8 /* UIImageView+extension.swift */; };
		B8FCF6C623D99648005431E8 /* Nuke in Frameworks */ = {isa = PBXBuildFile; productRef = B8FCF6C523D99648005431E8 /* Nuke */; };
		B8FCF6C823D9D205005431E8 /* ArticleBodyView.swift in Sources */ = {isa = PBXBuildFile; fileRef = B8FCF6C723D9D205005431E8 /* ArticleBodyView.swift */; };
		B8FCF6CB23D9DA35005431E8 /* WebKit.framework in Frameworks */ = {isa = PBXBuildFile; fileRef = B8FCF6CA23D9DA35005431E8 /* WebKit.framework */; };
		B8FCF6CD23DB27B5005431E8 /* UIFont+extension.swift in Sources */ = {isa = PBXBuildFile; fileRef = B8FCF6CC23DB27B5005431E8 /* UIFont+extension.swift */; };
		B8FCF6F723DB2CD3005431E8 /* ArticleSearchResultCell.swift in Sources */ = {isa = PBXBuildFile; fileRef = B8FCF6F523DB2CD3005431E8 /* ArticleSearchResultCell.swift */; };
		B8FCF6F823DB2CD3005431E8 /* ArticleSearchResultCell.xib in Resources */ = {isa = PBXBuildFile; fileRef = B8FCF6F623DB2CD3005431E8 /* ArticleSearchResultCell.xib */; };
		B8FCF6FF23DC32B4005431E8 /* ArticleSearchRepository.swift in Sources */ = {isa = PBXBuildFile; fileRef = B8FCF6FE23DC32B4005431E8 /* ArticleSearchRepository.swift */; };
		B8FCF70123DC3A19005431E8 /* Article.swift in Sources */ = {isa = PBXBuildFile; fileRef = B8FCF70023DC3A19005431E8 /* Article.swift */; };
		B8FCF70323DC3A53005431E8 /* User.swift in Sources */ = {isa = PBXBuildFile; fileRef = B8FCF70223DC3A53005431E8 /* User.swift */; };
/* End PBXBuildFile section */

/* Begin PBXContainerItemProxy section */
		B8149ED623A37FEC00EF5E58 /* PBXContainerItemProxy */ = {
			isa = PBXContainerItemProxy;
			containerPortal = B8149EB723A37FEA00EF5E58 /* Project object */;
			proxyType = 1;
			remoteGlobalIDString = B8149EBE23A37FEA00EF5E58;
			remoteInfo = Qiita;
		};
/* End PBXContainerItemProxy section */

/* Begin PBXCopyFilesBuildPhase section */
		B8FCF6ED23DB28C0005431E8 /* Embed Frameworks */ = {
			isa = PBXCopyFilesBuildPhase;
			buildActionMask = 2147483647;
			dstPath = "";
			dstSubfolderSpec = 10;
			files = (
			);
			name = "Embed Frameworks";
			runOnlyForDeploymentPostprocessing = 0;
		};
/* End PBXCopyFilesBuildPhase section */

/* Begin PBXFileReference section */
		B8149EBF23A37FEA00EF5E58 /* Quiita.app */ = {isa = PBXFileReference; explicitFileType = wrapper.application; includeInIndex = 0; path = Quiita.app; sourceTree = BUILT_PRODUCTS_DIR; };
		B8149EC223A37FEA00EF5E58 /* AppDelegate.swift */ = {isa = PBXFileReference; lastKnownFileType = sourcecode.swift; path = AppDelegate.swift; sourceTree = "<group>"; };
		B8149EC423A37FEA00EF5E58 /* SceneDelegate.swift */ = {isa = PBXFileReference; lastKnownFileType = sourcecode.swift; path = SceneDelegate.swift; sourceTree = "<group>"; };
		B8149EC823A37FEC00EF5E58 /* Assets.xcassets */ = {isa = PBXFileReference; lastKnownFileType = folder.assetcatalog; path = Assets.xcassets; sourceTree = "<group>"; };
		B8149ECB23A37FEC00EF5E58 /* Preview Assets.xcassets */ = {isa = PBXFileReference; lastKnownFileType = folder.assetcatalog; path = "Preview Assets.xcassets"; sourceTree = "<group>"; };
		B8149ECE23A37FEC00EF5E58 /* Base */ = {isa = PBXFileReference; lastKnownFileType = file.storyboard; name = Base; path = Base.lproj/LaunchScreen.storyboard; sourceTree = "<group>"; };
		B8149ED023A37FEC00EF5E58 /* Info.plist */ = {isa = PBXFileReference; lastKnownFileType = text.plist.xml; path = Info.plist; sourceTree = "<group>"; };
		B8149ED523A37FEC00EF5E58 /* QuiitaTests.xctest */ = {isa = PBXFileReference; explicitFileType = wrapper.cfbundle; includeInIndex = 0; path = QuiitaTests.xctest; sourceTree = BUILT_PRODUCTS_DIR; };
		B8149ED923A37FEC00EF5E58 /* QiitaTests.swift */ = {isa = PBXFileReference; lastKnownFileType = sourcecode.swift; path = QiitaTests.swift; sourceTree = "<group>"; };
		B8149EDB23A37FEC00EF5E58 /* Info.plist */ = {isa = PBXFileReference; lastKnownFileType = text.plist.xml; path = Info.plist; sourceTree = "<group>"; };
		B84A751223B6364D00C60127 /* ArticleSearchHistoryRepository.swift */ = {isa = PBXFileReference; lastKnownFileType = sourcecode.swift; path = ArticleSearchHistoryRepository.swift; sourceTree = "<group>"; };
		B84A751423B8535700C60127 /* ArticleSearchHistory.swift */ = {isa = PBXFileReference; lastKnownFileType = sourcecode.swift; path = ArticleSearchHistory.swift; sourceTree = "<group>"; };
		B8766F9223B1FDA7008BCAE3 /* ArticleSearchViewController.swift */ = {isa = PBXFileReference; lastKnownFileType = sourcecode.swift; path = ArticleSearchViewController.swift; sourceTree = "<group>"; };
		B8766F9423B1FEC9008BCAE3 /* ArticleSearchStore.swift */ = {isa = PBXFileReference; lastKnownFileType = sourcecode.swift; path = ArticleSearchStore.swift; sourceTree = "<group>"; };
		B8766F9B23B238B8008BCAE3 /* ArticleSearchDispatcher.swift */ = {isa = PBXFileReference; lastKnownFileType = sourcecode.swift; path = ArticleSearchDispatcher.swift; sourceTree = "<group>"; };
		B8766F9D23B23916008BCAE3 /* ArticleSearchAction.swift */ = {isa = PBXFileReference; lastKnownFileType = sourcecode.swift; path = ArticleSearchAction.swift; sourceTree = "<group>"; };
		B8766F9F23B23B71008BCAE3 /* ArticleSearchActionCreator.swift */ = {isa = PBXFileReference; lastKnownFileType = sourcecode.swift; path = ArticleSearchActionCreator.swift; sourceTree = "<group>"; };
		B8997D5E23D1F3D000923015 /* ArticleSearchResultViewController.swift */ = {isa = PBXFileReference; lastKnownFileType = sourcecode.swift; path = ArticleSearchResultViewController.swift; sourceTree = "<group>"; };
		B8997D6023D2787000923015 /* ArticleSearchResultActionCreator.swift */ = {isa = PBXFileReference; lastKnownFileType = sourcecode.swift; path = ArticleSearchResultActionCreator.swift; sourceTree = "<group>"; };
		B8997D6223D278E500923015 /* ArticleSearchResultAction.swift */ = {isa = PBXFileReference; lastKnownFileType = sourcecode.swift; path = ArticleSearchResultAction.swift; sourceTree = "<group>"; };
		B8997D6423D2798800923015 /* ArticleSearchResultDispatcher.swift */ = {isa = PBXFileReference; lastKnownFileType = sourcecode.swift; path = ArticleSearchResultDispatcher.swift; sourceTree = "<group>"; };
		B8997D6623D27A2000923015 /* ArticleSearchResultStore.swift */ = {isa = PBXFileReference; lastKnownFileType = sourcecode.swift; path = ArticleSearchResultStore.swift; sourceTree = "<group>"; };
		B8FCF6B423D444E4005431E8 /* UserDefaults+extension.swift */ = {isa = PBXFileReference; lastKnownFileType = sourcecode.swift; path = "UserDefaults+extension.swift"; sourceTree = "<group>"; };
		B8FCF6B723D8337B005431E8 /* ArticleDetailViewController.swift */ = {isa = PBXFileReference; lastKnownFileType = sourcecode.swift; path = ArticleDetailViewController.swift; sourceTree = "<group>"; };
		B8FCF6BC23D8801F005431E8 /* TitleLabel.swift */ = {isa = PBXFileReference; lastKnownFileType = sourcecode.swift; path = TitleLabel.swift; sourceTree = "<group>"; };
		B8FCF6C023D9276B005431E8 /* UserInfoView.swift */ = {isa = PBXFileReference; lastKnownFileType = sourcecode.swift; path = UserInfoView.swift; sourceTree = "<group>"; };
		B8FCF6C223D99371005431E8 /* UIImageView+extension.swift */ = {isa = PBXFileReference; lastKnownFileType = sourcecode.swift; path = "UIImageView+extension.swift"; sourceTree = "<group>"; };
		B8FCF6C723D9D205005431E8 /* ArticleBodyView.swift */ = {isa = PBXFileReference; lastKnownFileType = sourcecode.swift; path = ArticleBodyView.swift; sourceTree = "<group>"; };
		B8FCF6CA23D9DA35005431E8 /* WebKit.framework */ = {isa = PBXFileReference; lastKnownFileType = wrapper.framework; name = WebKit.framework; path = System/Library/Frameworks/WebKit.framework; sourceTree = SDKROOT; };
		B8FCF6CC23DB27B5005431E8 /* UIFont+extension.swift */ = {isa = PBXFileReference; lastKnownFileType = sourcecode.swift; path = "UIFont+extension.swift"; sourceTree = "<group>"; };
		B8FCF6F523DB2CD3005431E8 /* ArticleSearchResultCell.swift */ = {isa = PBXFileReference; lastKnownFileType = sourcecode.swift; path = ArticleSearchResultCell.swift; sourceTree = "<group>"; };
		B8FCF6F623DB2CD3005431E8 /* ArticleSearchResultCell.xib */ = {isa = PBXFileReference; lastKnownFileType = file.xib; path = ArticleSearchResultCell.xib; sourceTree = "<group>"; };
		B8FCF6FE23DC32B4005431E8 /* ArticleSearchRepository.swift */ = {isa = PBXFileReference; lastKnownFileType = sourcecode.swift; path = ArticleSearchRepository.swift; sourceTree = "<group>"; };
		B8FCF70023DC3A19005431E8 /* Article.swift */ = {isa = PBXFileReference; lastKnownFileType = sourcecode.swift; path = Article.swift; sourceTree = "<group>"; };
		B8FCF70223DC3A53005431E8 /* User.swift */ = {isa = PBXFileReference; lastKnownFileType = sourcecode.swift; path = User.swift; sourceTree = "<group>"; };
/* End PBXFileReference section */

/* Begin PBXFrameworksBuildPhase section */
		B8149EBC23A37FEA00EF5E58 /* Frameworks */ = {
			isa = PBXFrameworksBuildPhase;
			buildActionMask = 2147483647;
			files = (
				B8766F8D23B1F8C5008BCAE3 /* QiitaAPIClient in Frameworks */,
				B8FCF6C623D99648005431E8 /* Nuke in Frameworks */,
				B8FCF6CB23D9DA35005431E8 /* WebKit.framework in Frameworks */,
				B827709E23EADDA700520C5B /* ScrollStackView in Frameworks */,
			);
			runOnlyForDeploymentPostprocessing = 0;
		};
		B8149ED223A37FEC00EF5E58 /* Frameworks */ = {
			isa = PBXFrameworksBuildPhase;
			buildActionMask = 2147483647;
			files = (
			);
			runOnlyForDeploymentPostprocessing = 0;
		};
/* End PBXFrameworksBuildPhase section */

/* Begin PBXGroup section */
		B8149EB623A37FEA00EF5E58 = {
			isa = PBXGroup;
			children = (
				B8149EC123A37FEA00EF5E58 /* Quiita */,
				B8149ED823A37FEC00EF5E58 /* QuiitaTests */,
				B8149EC023A37FEA00EF5E58 /* Products */,
				B8FCF6C923D9DA34005431E8 /* Frameworks */,
			);
			sourceTree = "<group>";
		};
		B8149EC023A37FEA00EF5E58 /* Products */ = {
			isa = PBXGroup;
			children = (
				B8149EBF23A37FEA00EF5E58 /* Quiita.app */,
				B8149ED523A37FEC00EF5E58 /* QuiitaTests.xctest */,
			);
			name = Products;
			sourceTree = "<group>";
		};
		B8149EC123A37FEA00EF5E58 /* Quiita */ = {
			isa = PBXGroup;
			children = (
				B8766F8F23B1FBE3008BCAE3 /* Application */,
				B8766F8E23B1FBD4008BCAE3 /* Modules */,
				B84A751023B6361100C60127 /* Data */,
				B8FCF6FD23DC3284005431E8 /* Entities */,
				B8FCF6B323D44492005431E8 /* Extensions */,
				B8766F9023B1FBF7008BCAE3 /* Resources */,
			);
			path = Quiita;
			sourceTree = "<group>";
		};
		B8149ECA23A37FEC00EF5E58 /* Preview Content */ = {
			isa = PBXGroup;
			children = (
				B8149ECB23A37FEC00EF5E58 /* Preview Assets.xcassets */,
			);
			path = "Preview Content";
			sourceTree = "<group>";
		};
		B8149ED823A37FEC00EF5E58 /* QuiitaTests */ = {
			isa = PBXGroup;
			children = (
				B8149ED923A37FEC00EF5E58 /* QiitaTests.swift */,
				B8149EDB23A37FEC00EF5E58 /* Info.plist */,
			);
			path = QuiitaTests;
			sourceTree = "<group>";
		};
		B84A751023B6361100C60127 /* Data */ = {
			isa = PBXGroup;
			children = (
				B8FCF6FB23DC3262005431E8 /* ArticleSearch */,
				B84A751123B6362200C60127 /* ArticleSearchHistory */,
			);
			path = Data;
			sourceTree = "<group>";
		};
		B84A751123B6362200C60127 /* ArticleSearchHistory */ = {
			isa = PBXGroup;
			children = (
				B84A751223B6364D00C60127 /* ArticleSearchHistoryRepository.swift */,
			);
			path = ArticleSearchHistory;
			sourceTree = "<group>";
		};
		B8766F8E23B1FBD4008BCAE3 /* Modules */ = {
			isa = PBXGroup;
			children = (
				B8766F9123B1FCA6008BCAE3 /* ArticleSearch */,
				B8997D5D23D1F3AF00923015 /* ArticleSearchResult */,
				B8FCF6B623D8335C005431E8 /* ArticleDetail */,
			);
			path = Modules;
			sourceTree = "<group>";
		};
		B8766F8F23B1FBE3008BCAE3 /* Application */ = {
			isa = PBXGroup;
			children = (
				B8149EC223A37FEA00EF5E58 /* AppDelegate.swift */,
				B8149EC423A37FEA00EF5E58 /* SceneDelegate.swift */,
				B8149ED023A37FEC00EF5E58 /* Info.plist */,
			);
			path = Application;
			sourceTree = "<group>";
		};
		B8766F9023B1FBF7008BCAE3 /* Resources */ = {
			isa = PBXGroup;
			children = (
				B8149EC823A37FEC00EF5E58 /* Assets.xcassets */,
				B8149ECD23A37FEC00EF5E58 /* LaunchScreen.storyboard */,
				B8149ECA23A37FEC00EF5E58 /* Preview Content */,
			);
			path = Resources;
			sourceTree = "<group>";
		};
		B8766F9123B1FCA6008BCAE3 /* ArticleSearch */ = {
			isa = PBXGroup;
			children = (
				B8766F9223B1FDA7008BCAE3 /* ArticleSearchViewController.swift */,
				B8766F9F23B23B71008BCAE3 /* ArticleSearchActionCreator.swift */,
				B8766F9D23B23916008BCAE3 /* ArticleSearchAction.swift */,
				B8766F9B23B238B8008BCAE3 /* ArticleSearchDispatcher.swift */,
				B8766F9423B1FEC9008BCAE3 /* ArticleSearchStore.swift */,
			);
			path = ArticleSearch;
			sourceTree = "<group>";
		};
		B8997D5D23D1F3AF00923015 /* ArticleSearchResult */ = {
			isa = PBXGroup;
			children = (
				B8FCF6F223DB2A3C005431E8 /* SubViews */,
				B8997D5E23D1F3D000923015 /* ArticleSearchResultViewController.swift */,
				B8997D6023D2787000923015 /* ArticleSearchResultActionCreator.swift */,
				B8997D6223D278E500923015 /* ArticleSearchResultAction.swift */,
				B8997D6423D2798800923015 /* ArticleSearchResultDispatcher.swift */,
				B8997D6623D27A2000923015 /* ArticleSearchResultStore.swift */,
			);
			path = ArticleSearchResult;
			sourceTree = "<group>";
		};
		B8FCF6B323D44492005431E8 /* Extensions */ = {
			isa = PBXGroup;
			children = (
				B8FCF6B423D444E4005431E8 /* UserDefaults+extension.swift */,
				B8FCF6C223D99371005431E8 /* UIImageView+extension.swift */,
				B8FCF6CC23DB27B5005431E8 /* UIFont+extension.swift */,
			);
			path = Extensions;
			sourceTree = "<group>";
		};
		B8FCF6B623D8335C005431E8 /* ArticleDetail */ = {
			isa = PBXGroup;
			children = (
				B8FCF6BB23D87F0B005431E8 /* SubViews */,
				B8FCF6B723D8337B005431E8 /* ArticleDetailViewController.swift */,
			);
			path = ArticleDetail;
			sourceTree = "<group>";
		};
		B8FCF6BB23D87F0B005431E8 /* SubViews */ = {
			isa = PBXGroup;
			children = (
				B8FCF6BC23D8801F005431E8 /* TitleLabel.swift */,
				B8FCF6C023D9276B005431E8 /* UserInfoView.swift */,
				B8FCF6C723D9D205005431E8 /* ArticleBodyView.swift */,
			);
			path = SubViews;
			sourceTree = "<group>";
		};
		B8FCF6C923D9DA34005431E8 /* Frameworks */ = {
			isa = PBXGroup;
			children = (
				B8FCF6CA23D9DA35005431E8 /* WebKit.framework */,
			);
			name = Frameworks;
			sourceTree = "<group>";
		};
		B8FCF6F223DB2A3C005431E8 /* SubViews */ = {
			isa = PBXGroup;
			children = (
				B8FCF6F523DB2CD3005431E8 /* ArticleSearchResultCell.swift */,
				B8FCF6F623DB2CD3005431E8 /* ArticleSearchResultCell.xib */,
			);
			path = SubViews;
			sourceTree = "<group>";
		};
		B8FCF6FB23DC3262005431E8 /* ArticleSearch */ = {
			isa = PBXGroup;
			children = (
				B8FCF6FE23DC32B4005431E8 /* ArticleSearchRepository.swift */,
			);
			path = ArticleSearch;
			sourceTree = "<group>";
		};
		B8FCF6FD23DC3284005431E8 /* Entities */ = {
			isa = PBXGroup;
			children = (
				B8FCF70023DC3A19005431E8 /* Article.swift */,
				B8FCF70223DC3A53005431E8 /* User.swift */,
				B84A751423B8535700C60127 /* ArticleSearchHistory.swift */,
			);
			path = Entities;
			sourceTree = "<group>";
		};
/* End PBXGroup section */

/* Begin PBXNativeTarget section */
		B8149EBE23A37FEA00EF5E58 /* Quiita */ = {
			isa = PBXNativeTarget;
			buildConfigurationList = B8149EDE23A37FEC00EF5E58 /* Build configuration list for PBXNativeTarget "Quiita" */;
			buildPhases = (
				B8149EBB23A37FEA00EF5E58 /* Sources */,
				B8149EBC23A37FEA00EF5E58 /* Frameworks */,
				B8149EBD23A37FEA00EF5E58 /* Resources */,
				B8FCF6ED23DB28C0005431E8 /* Embed Frameworks */,
			);
			buildRules = (
			);
			dependencies = (
			);
			name = Quiita;
			packageProductDependencies = (
				B8766F8C23B1F8C5008BCAE3 /* QiitaAPIClient */,
				B8FCF6C523D99648005431E8 /* Nuke */,
				B827709D23EADDA700520C5B /* ScrollStackView */,
			);
			productName = Qiita;
			productReference = B8149EBF23A37FEA00EF5E58 /* Quiita.app */;
			productType = "com.apple.product-type.application";
		};
		B8149ED423A37FEC00EF5E58 /* QuiitaTests */ = {
			isa = PBXNativeTarget;
			buildConfigurationList = B8149EE123A37FEC00EF5E58 /* Build configuration list for PBXNativeTarget "QuiitaTests" */;
			buildPhases = (
				B8149ED123A37FEC00EF5E58 /* Sources */,
				B8149ED223A37FEC00EF5E58 /* Frameworks */,
				B8149ED323A37FEC00EF5E58 /* Resources */,
			);
			buildRules = (
			);
			dependencies = (
				B8149ED723A37FEC00EF5E58 /* PBXTargetDependency */,
			);
			name = QuiitaTests;
			productName = QiitaTests;
			productReference = B8149ED523A37FEC00EF5E58 /* QuiitaTests.xctest */;
			productType = "com.apple.product-type.bundle.unit-test";
		};
/* End PBXNativeTarget section */

/* Begin PBXProject section */
		B8149EB723A37FEA00EF5E58 /* Project object */ = {
			isa = PBXProject;
			attributes = {
				LastSwiftUpdateCheck = 1130;
				LastUpgradeCheck = 1120;
				ORGANIZATIONNAME = hicka04;
				TargetAttributes = {
					B8149EBE23A37FEA00EF5E58 = {
						CreatedOnToolsVersion = 11.2.1;
					};
					B8149ED423A37FEC00EF5E58 = {
						CreatedOnToolsVersion = 11.2.1;
						TestTargetID = B8149EBE23A37FEA00EF5E58;
					};
				};
			};
			buildConfigurationList = B8149EBA23A37FEA00EF5E58 /* Build configuration list for PBXProject "Quiita" */;
			compatibilityVersion = "Xcode 9.3";
			developmentRegion = en;
			hasScannedForEncodings = 0;
			knownRegions = (
				en,
				Base,
			);
			mainGroup = B8149EB623A37FEA00EF5E58;
			packageReferences = (
				B8766F8B23B1F8C5008BCAE3 /* XCRemoteSwiftPackageReference "QiitaAPIClient" */,
				B8FCF6C423D99648005431E8 /* XCRemoteSwiftPackageReference "Nuke" */,
				B827709C23EADDA700520C5B /* XCRemoteSwiftPackageReference "ScrollStackView" */,
			);
			productRefGroup = B8149EC023A37FEA00EF5E58 /* Products */;
			projectDirPath = "";
			projectRoot = "";
			targets = (
				B8149EBE23A37FEA00EF5E58 /* Quiita */,
				B8149ED423A37FEC00EF5E58 /* QuiitaTests */,
			);
		};
/* End PBXProject section */

/* Begin PBXResourcesBuildPhase section */
		B8149EBD23A37FEA00EF5E58 /* Resources */ = {
			isa = PBXResourcesBuildPhase;
			buildActionMask = 2147483647;
			files = (
				B8149ECF23A37FEC00EF5E58 /* LaunchScreen.storyboard in Resources */,
				B8FCF6F823DB2CD3005431E8 /* ArticleSearchResultCell.xib in Resources */,
				B8149ECC23A37FEC00EF5E58 /* Preview Assets.xcassets in Resources */,
				B8149EC923A37FEC00EF5E58 /* Assets.xcassets in Resources */,
			);
			runOnlyForDeploymentPostprocessing = 0;
		};
		B8149ED323A37FEC00EF5E58 /* Resources */ = {
			isa = PBXResourcesBuildPhase;
			buildActionMask = 2147483647;
			files = (
			);
			runOnlyForDeploymentPostprocessing = 0;
		};
/* End PBXResourcesBuildPhase section */

/* Begin PBXSourcesBuildPhase section */
		B8149EBB23A37FEA00EF5E58 /* Sources */ = {
			isa = PBXSourcesBuildPhase;
			buildActionMask = 2147483647;
			files = (
				B8766FA023B23B71008BCAE3 /* ArticleSearchActionCreator.swift in Sources */,
				B8FCF6C823D9D205005431E8 /* ArticleBodyView.swift in Sources */,
				B84A751323B6364D00C60127 /* ArticleSearchHistoryRepository.swift in Sources */,
				B8FCF70323DC3A53005431E8 /* User.swift in Sources */,
				B84A751523B8535700C60127 /* ArticleSearchHistory.swift in Sources */,
				B8149EC323A37FEA00EF5E58 /* AppDelegate.swift in Sources */,
				B8FCF6B823D8337B005431E8 /* ArticleDetailViewController.swift in Sources */,
				B8149EC523A37FEA00EF5E58 /* SceneDelegate.swift in Sources */,
				B8766F9523B1FEC9008BCAE3 /* ArticleSearchStore.swift in Sources */,
				B8FCF6B523D444E4005431E8 /* UserDefaults+extension.swift in Sources */,
				B8997D6323D278E500923015 /* ArticleSearchResultAction.swift in Sources */,
				B8766F9C23B238B8008BCAE3 /* ArticleSearchDispatcher.swift in Sources */,
				B8997D6123D2787000923015 /* ArticleSearchResultActionCreator.swift in Sources */,
				B8997D6523D2798800923015 /* ArticleSearchResultDispatcher.swift in Sources */,
				B8FCF6F723DB2CD3005431E8 /* ArticleSearchResultCell.swift in Sources */,
				B8766F9E23B23916008BCAE3 /* ArticleSearchAction.swift in Sources */,
				B8FCF6CD23DB27B5005431E8 /* UIFont+extension.swift in Sources */,
				B8FCF6C123D9276B005431E8 /* UserInfoView.swift in Sources */,
				B8FCF6BD23D8801F005431E8 /* TitleLabel.swift in Sources */,
				B8766F9323B1FDA7008BCAE3 /* ArticleSearchViewController.swift in Sources */,
				B8997D6723D27A2000923015 /* ArticleSearchResultStore.swift in Sources */,
				B8FCF70123DC3A19005431E8 /* Article.swift in Sources */,
				B8FCF6C323D99371005431E8 /* UIImageView+extension.swift in Sources */,
				B8997D5F23D1F3D000923015 /* ArticleSearchResultViewController.swift in Sources */,
				B8FCF6FF23DC32B4005431E8 /* ArticleSearchRepository.swift in Sources */,
			);
			runOnlyForDeploymentPostprocessing = 0;
		};
		B8149ED123A37FEC00EF5E58 /* Sources */ = {
			isa = PBXSourcesBuildPhase;
			buildActionMask = 2147483647;
			files = (
				B8149EDA23A37FEC00EF5E58 /* QiitaTests.swift in Sources */,
			);
			runOnlyForDeploymentPostprocessing = 0;
		};
/* End PBXSourcesBuildPhase section */

/* Begin PBXTargetDependency section */
		B8149ED723A37FEC00EF5E58 /* PBXTargetDependency */ = {
			isa = PBXTargetDependency;
			target = B8149EBE23A37FEA00EF5E58 /* Quiita */;
			targetProxy = B8149ED623A37FEC00EF5E58 /* PBXContainerItemProxy */;
		};
/* End PBXTargetDependency section */

/* Begin PBXVariantGroup section */
		B8149ECD23A37FEC00EF5E58 /* LaunchScreen.storyboard */ = {
			isa = PBXVariantGroup;
			children = (
				B8149ECE23A37FEC00EF5E58 /* Base */,
			);
			name = LaunchScreen.storyboard;
			sourceTree = "<group>";
		};
/* End PBXVariantGroup section */

/* Begin XCBuildConfiguration section */
		B8149EDC23A37FEC00EF5E58 /* Debug */ = {
			isa = XCBuildConfiguration;
			buildSettings = {
				ALWAYS_SEARCH_USER_PATHS = NO;
				CLANG_ANALYZER_NONNULL = YES;
				CLANG_ANALYZER_NUMBER_OBJECT_CONVERSION = YES_AGGRESSIVE;
				CLANG_CXX_LANGUAGE_STANDARD = "gnu++14";
				CLANG_CXX_LIBRARY = "libc++";
				CLANG_ENABLE_MODULES = YES;
				CLANG_ENABLE_OBJC_ARC = YES;
				CLANG_ENABLE_OBJC_WEAK = YES;
				CLANG_WARN_BLOCK_CAPTURE_AUTORELEASING = YES;
				CLANG_WARN_BOOL_CONVERSION = YES;
				CLANG_WARN_COMMA = YES;
				CLANG_WARN_CONSTANT_CONVERSION = YES;
				CLANG_WARN_DEPRECATED_OBJC_IMPLEMENTATIONS = YES;
				CLANG_WARN_DIRECT_OBJC_ISA_USAGE = YES_ERROR;
				CLANG_WARN_DOCUMENTATION_COMMENTS = YES;
				CLANG_WARN_EMPTY_BODY = YES;
				CLANG_WARN_ENUM_CONVERSION = YES;
				CLANG_WARN_INFINITE_RECURSION = YES;
				CLANG_WARN_INT_CONVERSION = YES;
				CLANG_WARN_NON_LITERAL_NULL_CONVERSION = YES;
				CLANG_WARN_OBJC_IMPLICIT_RETAIN_SELF = YES;
				CLANG_WARN_OBJC_LITERAL_CONVERSION = YES;
				CLANG_WARN_OBJC_ROOT_CLASS = YES_ERROR;
				CLANG_WARN_RANGE_LOOP_ANALYSIS = YES;
				CLANG_WARN_STRICT_PROTOTYPES = YES;
				CLANG_WARN_SUSPICIOUS_MOVE = YES;
				CLANG_WARN_UNGUARDED_AVAILABILITY = YES_AGGRESSIVE;
				CLANG_WARN_UNREACHABLE_CODE = YES;
				CLANG_WARN__DUPLICATE_METHOD_MATCH = YES;
				COPY_PHASE_STRIP = NO;
				DEBUG_INFORMATION_FORMAT = dwarf;
				ENABLE_STRICT_OBJC_MSGSEND = YES;
				ENABLE_TESTABILITY = YES;
				GCC_C_LANGUAGE_STANDARD = gnu11;
				GCC_DYNAMIC_NO_PIC = NO;
				GCC_NO_COMMON_BLOCKS = YES;
				GCC_OPTIMIZATION_LEVEL = 0;
				GCC_PREPROCESSOR_DEFINITIONS = (
					"DEBUG=1",
					"$(inherited)",
				);
				GCC_WARN_64_TO_32_BIT_CONVERSION = YES;
				GCC_WARN_ABOUT_RETURN_TYPE = YES_ERROR;
				GCC_WARN_UNDECLARED_SELECTOR = YES;
				GCC_WARN_UNINITIALIZED_AUTOS = YES_AGGRESSIVE;
				GCC_WARN_UNUSED_FUNCTION = YES;
				GCC_WARN_UNUSED_VARIABLE = YES;
				IPHONEOS_DEPLOYMENT_TARGET = 13.2;
				MTL_ENABLE_DEBUG_INFO = INCLUDE_SOURCE;
				MTL_FAST_MATH = YES;
				ONLY_ACTIVE_ARCH = YES;
				SDKROOT = iphoneos;
				SWIFT_ACTIVE_COMPILATION_CONDITIONS = DEBUG;
				SWIFT_OPTIMIZATION_LEVEL = "-Onone";
			};
			name = Debug;
		};
		B8149EDD23A37FEC00EF5E58 /* Release */ = {
			isa = XCBuildConfiguration;
			buildSettings = {
				ALWAYS_SEARCH_USER_PATHS = NO;
				CLANG_ANALYZER_NONNULL = YES;
				CLANG_ANALYZER_NUMBER_OBJECT_CONVERSION = YES_AGGRESSIVE;
				CLANG_CXX_LANGUAGE_STANDARD = "gnu++14";
				CLANG_CXX_LIBRARY = "libc++";
				CLANG_ENABLE_MODULES = YES;
				CLANG_ENABLE_OBJC_ARC = YES;
				CLANG_ENABLE_OBJC_WEAK = YES;
				CLANG_WARN_BLOCK_CAPTURE_AUTORELEASING = YES;
				CLANG_WARN_BOOL_CONVERSION = YES;
				CLANG_WARN_COMMA = YES;
				CLANG_WARN_CONSTANT_CONVERSION = YES;
				CLANG_WARN_DEPRECATED_OBJC_IMPLEMENTATIONS = YES;
				CLANG_WARN_DIRECT_OBJC_ISA_USAGE = YES_ERROR;
				CLANG_WARN_DOCUMENTATION_COMMENTS = YES;
				CLANG_WARN_EMPTY_BODY = YES;
				CLANG_WARN_ENUM_CONVERSION = YES;
				CLANG_WARN_INFINITE_RECURSION = YES;
				CLANG_WARN_INT_CONVERSION = YES;
				CLANG_WARN_NON_LITERAL_NULL_CONVERSION = YES;
				CLANG_WARN_OBJC_IMPLICIT_RETAIN_SELF = YES;
				CLANG_WARN_OBJC_LITERAL_CONVERSION = YES;
				CLANG_WARN_OBJC_ROOT_CLASS = YES_ERROR;
				CLANG_WARN_RANGE_LOOP_ANALYSIS = YES;
				CLANG_WARN_STRICT_PROTOTYPES = YES;
				CLANG_WARN_SUSPICIOUS_MOVE = YES;
				CLANG_WARN_UNGUARDED_AVAILABILITY = YES_AGGRESSIVE;
				CLANG_WARN_UNREACHABLE_CODE = YES;
				CLANG_WARN__DUPLICATE_METHOD_MATCH = YES;
				COPY_PHASE_STRIP = NO;
				DEBUG_INFORMATION_FORMAT = "dwarf-with-dsym";
				ENABLE_NS_ASSERTIONS = NO;
				ENABLE_STRICT_OBJC_MSGSEND = YES;
				GCC_C_LANGUAGE_STANDARD = gnu11;
				GCC_NO_COMMON_BLOCKS = YES;
				GCC_WARN_64_TO_32_BIT_CONVERSION = YES;
				GCC_WARN_ABOUT_RETURN_TYPE = YES_ERROR;
				GCC_WARN_UNDECLARED_SELECTOR = YES;
				GCC_WARN_UNINITIALIZED_AUTOS = YES_AGGRESSIVE;
				GCC_WARN_UNUSED_FUNCTION = YES;
				GCC_WARN_UNUSED_VARIABLE = YES;
				IPHONEOS_DEPLOYMENT_TARGET = 13.2;
				MTL_ENABLE_DEBUG_INFO = NO;
				MTL_FAST_MATH = YES;
				SDKROOT = iphoneos;
				SWIFT_COMPILATION_MODE = wholemodule;
				SWIFT_OPTIMIZATION_LEVEL = "-O";
				VALIDATE_PRODUCT = YES;
			};
			name = Release;
		};
		B8149EDF23A37FEC00EF5E58 /* Debug */ = {
			isa = XCBuildConfiguration;
			buildSettings = {
				ALWAYS_EMBED_SWIFT_STANDARD_LIBRARIES = YES;
				ASSETCATALOG_COMPILER_APPICON_NAME = AppIcon;
				CODE_SIGN_STYLE = Automatic;
				DEVELOPMENT_ASSET_PATHS = "\"Quiita/Resources/Preview Content\"";
				DEVELOPMENT_TEAM = 8RYHZQ93KG;
				ENABLE_PREVIEWS = YES;
				INFOPLIST_FILE = Quiita/Application/Info.plist;
				LD_RUNPATH_SEARCH_PATHS = (
					"$(inherited)",
					"@executable_path/Frameworks",
				);
				PRODUCT_BUNDLE_IDENTIFIER = com.hicka04.Quiita.ios;
				PRODUCT_NAME = "$(TARGET_NAME)";
				SWIFT_VERSION = 5.0;
				TARGETED_DEVICE_FAMILY = "1,2";
			};
			name = Debug;
		};
		B8149EE023A37FEC00EF5E58 /* Release */ = {
			isa = XCBuildConfiguration;
			buildSettings = {
				ALWAYS_EMBED_SWIFT_STANDARD_LIBRARIES = YES;
				ASSETCATALOG_COMPILER_APPICON_NAME = AppIcon;
				CODE_SIGN_STYLE = Automatic;
				DEVELOPMENT_ASSET_PATHS = "\"Quiita/Resources/Preview Content\"";
				DEVELOPMENT_TEAM = 8RYHZQ93KG;
				ENABLE_PREVIEWS = YES;
				INFOPLIST_FILE = Quiita/Application/Info.plist;
				LD_RUNPATH_SEARCH_PATHS = (
					"$(inherited)",
					"@executable_path/Frameworks",
				);
				PRODUCT_BUNDLE_IDENTIFIER = com.hicka04.Quiita.ios;
				PRODUCT_NAME = "$(TARGET_NAME)";
				SWIFT_VERSION = 5.0;
				TARGETED_DEVICE_FAMILY = "1,2";
			};
			name = Release;
		};
		B8149EE223A37FEC00EF5E58 /* Debug */ = {
			isa = XCBuildConfiguration;
			buildSettings = {
				ALWAYS_EMBED_SWIFT_STANDARD_LIBRARIES = YES;
				BUNDLE_LOADER = "$(TEST_HOST)";
				CODE_SIGN_STYLE = Automatic;
				DEVELOPMENT_TEAM = 8RYHZQ93KG;
				INFOPLIST_FILE = QuiitaTests/Info.plist;
				IPHONEOS_DEPLOYMENT_TARGET = 13.2;
				LD_RUNPATH_SEARCH_PATHS = (
					"$(inherited)",
					"@executable_path/Frameworks",
					"@loader_path/Frameworks",
				);
				PRODUCT_BUNDLE_IDENTIFIER = com.hicka04.QuiitaTests;
				PRODUCT_NAME = "$(TARGET_NAME)";
				SWIFT_VERSION = 5.0;
				TARGETED_DEVICE_FAMILY = "1,2";
				TEST_HOST = "$(BUILT_PRODUCTS_DIR)/Quiita.app/Quiita";
			};
			name = Debug;
		};
		B8149EE323A37FEC00EF5E58 /* Release */ = {
			isa = XCBuildConfiguration;
			buildSettings = {
				ALWAYS_EMBED_SWIFT_STANDARD_LIBRARIES = YES;
				BUNDLE_LOADER = "$(TEST_HOST)";
				CODE_SIGN_STYLE = Automatic;
				DEVELOPMENT_TEAM = 8RYHZQ93KG;
				INFOPLIST_FILE = QuiitaTests/Info.plist;
				IPHONEOS_DEPLOYMENT_TARGET = 13.2;
				LD_RUNPATH_SEARCH_PATHS = (
					"$(inherited)",
					"@executable_path/Frameworks",
					"@loader_path/Frameworks",
				);
				PRODUCT_BUNDLE_IDENTIFIER = com.hicka04.QuiitaTests;
				PRODUCT_NAME = "$(TARGET_NAME)";
				SWIFT_VERSION = 5.0;
				TARGETED_DEVICE_FAMILY = "1,2";
				TEST_HOST = "$(BUILT_PRODUCTS_DIR)/Quiita.app/Quiita";
			};
			name = Release;
		};
/* End XCBuildConfiguration section */

/* Begin XCConfigurationList section */
		B8149EBA23A37FEA00EF5E58 /* Build configuration list for PBXProject "Quiita" */ = {
			isa = XCConfigurationList;
			buildConfigurations = (
				B8149EDC23A37FEC00EF5E58 /* Debug */,
				B8149EDD23A37FEC00EF5E58 /* Release */,
			);
			defaultConfigurationIsVisible = 0;
			defaultConfigurationName = Release;
		};
		B8149EDE23A37FEC00EF5E58 /* Build configuration list for PBXNativeTarget "Quiita" */ = {
			isa = XCConfigurationList;
			buildConfigurations = (
				B8149EDF23A37FEC00EF5E58 /* Debug */,
				B8149EE023A37FEC00EF5E58 /* Release */,
			);
			defaultConfigurationIsVisible = 0;
			defaultConfigurationName = Release;
		};
		B8149EE123A37FEC00EF5E58 /* Build configuration list for PBXNativeTarget "QuiitaTests" */ = {
			isa = XCConfigurationList;
			buildConfigurations = (
				B8149EE223A37FEC00EF5E58 /* Debug */,
				B8149EE323A37FEC00EF5E58 /* Release */,
			);
			defaultConfigurationIsVisible = 0;
			defaultConfigurationName = Release;
		};
/* End XCConfigurationList section */

/* Begin XCRemoteSwiftPackageReference section */
		B827709C23EADDA700520C5B /* XCRemoteSwiftPackageReference "ScrollStackView" */ = {
			isa = XCRemoteSwiftPackageReference;
			repositoryURL = "https://github.com/hicka04/ScrollStackView.git";
			requirement = {
				kind = upToNextMajorVersion;
				minimumVersion = 0.0.1;
			};
		};
		B8766F8B23B1F8C5008BCAE3 /* XCRemoteSwiftPackageReference "QiitaAPIClient" */ = {
			isa = XCRemoteSwiftPackageReference;
			repositoryURL = "https://github.com/hicka04/QiitaAPIClient.git";
			requirement = {
				kind = upToNextMinorVersion;
				minimumVersion = 0.0.5;
			};
		};
		B8FCF6C423D99648005431E8 /* XCRemoteSwiftPackageReference "Nuke" */ = {
			isa = XCRemoteSwiftPackageReference;
			repositoryURL = "https://github.com/kean/Nuke.git";
			requirement = {
				kind = upToNextMajorVersion;
				minimumVersion = 8.4.0;
			};
		};
/* End XCRemoteSwiftPackageReference section */

/* Begin XCSwiftPackageProductDependency section */
		B827709D23EADDA700520C5B /* ScrollStackView */ = {
			isa = XCSwiftPackageProductDependency;
			package = B827709C23EADDA700520C5B /* XCRemoteSwiftPackageReference "ScrollStackView" */;
			productName = ScrollStackView;
		};
		B8766F8C23B1F8C5008BCAE3 /* QiitaAPIClient */ = {
			isa = XCSwiftPackageProductDependency;
			package = B8766F8B23B1F8C5008BCAE3 /* XCRemoteSwiftPackageReference "QiitaAPIClient" */;
			productName = QiitaAPIClient;
		};
		B8FCF6C523D99648005431E8 /* Nuke */ = {
			isa = XCSwiftPackageProductDependency;
			package = B8FCF6C423D99648005431E8 /* XCRemoteSwiftPackageReference "Nuke" */;
			productName = Nuke;
		};
/* End XCSwiftPackageProductDependency section */
	};
	rootObject = B8149EB723A37FEA00EF5E58 /* Project object */;
}
